{
  "name": "deepx",
  "version": "0.1.0",
  "lockfileVersion": 1,
  "requires": true,
  "dependencies": {
    "datasense": {
      "version": "1.0.1",
      "resolved": "https://registry.npmjs.org/datasense/-/datasense-1.0.1.tgz",
      "integrity": "sha512-TrT9CUviwnDvshAGIQNWtYe8WWiWDeM4UyhCd8mISnr6UajtCJ1A+YsbxnWCfccLHJXuGfH/0OJ9UooejDJ+qw=="
    },
    "hje": {
      "version": "2.0.0-alpha.1",
      "resolved": "https://registry.npmjs.org/hje/-/hje-2.0.0-alpha.1.tgz",
      "integrity": "sha512-BPc+WmgxQC2egcex4qMNmYGYQLyo8un79+kUq8WGzMtVZFVHl1G8FpmaKVzM+M0RD24tkTYUGRDqo2QVBqmj7A=="
    },
    "typescript": {
      "version": "3.9.7",
      "resolved": "https://registry.npmjs.org/typescript/-/typescript-3.9.7.tgz",
      "integrity": "sha512-BLbiRkiBzAwsjut4x/dsibSTB6yWpwT5qWmC2OfuCg3GgVQCSgMs4vEctYPhsaGtd0AeuuHMkjZ2h2WG8MSzRw==",
      "dev": true
    }
  }
}
