{
  "name": "deepx",
  "version": "0.1.0",
  "lockfileVersion": 1,
  "requires": true,
  "dependencies": {
    "datasense": {
      "version": "1.1.1",
      "resolved": "https://registry.npmjs.org/datasense/-/datasense-1.1.1.tgz",
      "integrity": "sha512-o7qz8DVIMzCjRoUygzvRUu7SkzdzmjCxeNiasEsh2+IbWf82brCZ2bvN6goMV92PMmXOkYZH84FxYJBVEzTGsA=="
    },
    "hje": {
      "version": "2.0.0-alpha.3",
      "resolved": "https://registry.npmjs.org/hje/-/hje-2.0.0-alpha.3.tgz",
      "integrity": "sha512-tjWOa1wa0FCy7roHAYzhURU756ABWQAJHb6L6s4KWEDoBv8G39FsWNRWfzWsS2zIM9zpCvnXtDyMYcjy0IXxow=="
    },
    "typescript": {
      "version": "3.9.7",
      "resolved": "https://registry.npmjs.org/typescript/-/typescript-3.9.7.tgz",
      "integrity": "sha512-BLbiRkiBzAwsjut4x/dsibSTB6yWpwT5qWmC2OfuCg3GgVQCSgMs4vEctYPhsaGtd0AeuuHMkjZ2h2WG8MSzRw==",
      "dev": true
    }
  }
}
